{
    "name": "@containers",
    "lockfileVersion": 3,
    "requires": true,
    "packages": {
        "": {
            "name": "@containers",
            "devDependencies": {
                "@types/react-native-snap-carousel": "^3.8.5"
            }
        },
        "node_modules/@types/prop-types": {
            "version": "15.7.5",
            "resolved": "https://registry.npmjs.org/@types/prop-types/-/prop-types-15.7.5.tgz",
            "integrity": "sha512-JCB8C6SnDoQf0cNycqd/35A7MjcnK+ZTqE7judS6o7utxUCg6imJg3QK2qzHKszlTjcj2cn+NwMB2i96ubpj7w==",
            "dev": true
        },
        "node_modules/@types/react": {
            "version": "18.2.6",
            "resolved": "https://registry.npmjs.org/@types/react/-/react-18.2.6.tgz",
            "integrity": "sha512-wRZClXn//zxCFW+ye/D2qY65UsYP1Fpex2YXorHc8awoNamkMZSvBxwxdYVInsHOZZd2Ppq8isnSzJL5Mpf8OA==",
            "dev": true,
            "dependencies": {
                "@types/prop-types": "*",
                "@types/scheduler": "*",
                "csstype": "^3.0.2"
            }
        },
        "node_modules/@types/react-native": {
            "version": "0.71.6",
            "resolved": "https://registry.npmjs.org/@types/react-native/-/react-native-0.71.6.tgz",
            "integrity": "sha512-eCqEZ+GhW9L9o6yVoPqCCAq8Sbd6liaKlh6WviD0X7O035NEe7VQ+q9KXYL+mhyZrLI5sbX7f3G973gG6fuiyQ==",
            "dev": true,
            "dependencies": {
                "@types/react": "*"
            }
        },
        "node_modules/@types/react-native-snap-carousel": {
            "version": "3.8.5",
            "resolved": "https://registry.npmjs.org/@types/react-native-snap-carousel/-/react-native-snap-carousel-3.8.5.tgz",
            "integrity": "sha512-EMBwQo/om2HZM/J6u8Bvz7i0BEO/v6frrpmlvUQ579CMsgYQPlYzQ1ne4KDdRq08+yDSG8/8AwIi1R+185ROsg==",
            "dev": true,
            "dependencies": {
                "@types/react": "*",
                "@types/react-native": "*"
            }
        },
        "node_modules/@types/scheduler": {
            "version": "0.16.3",
            "resolved": "https://registry.npmjs.org/@types/scheduler/-/scheduler-0.16.3.tgz",
            "integrity": "sha512-5cJ8CB4yAx7BH1oMvdU0Jh9lrEXyPkar6F9G/ERswkCuvP4KQZfZkSjcMbAICCpQTN4OuZn8tz0HiKv9TGZgrQ==",
            "dev": true
        },
        "node_modules/csstype": {
            "version": "3.1.2",
            "resolved": "https://registry.npmjs.org/csstype/-/csstype-3.1.2.tgz",
            "integrity": "sha512-I7K1Uu0MBPzaFKg4nI5Q7Vs2t+3gWWW648spaF+Rg7pI9ds18Ugn+lvg4SHczUdKlHI5LWBXyqfS8+DufyBsgQ==",
            "dev": true
        }
    }
}
